
Microsoft Visual Studio Solution File, Format Version 12.00
# Visual Studio Version 16
VisualStudioVersion = 16.0.29609.76
MinimumVisualStudioVersion = 10.0.40219.1
Project("{9A19103F-16F7-4668-BE54-9A1E7A4F7556}") = "StatlerWaldorfCorp.LocationService", "StatlerWaldorfCorp.LocationService.csproj", "{B93B561F-47FF-444B-A142-0D0E75092398}"
EndProject
Global
	GlobalSection(SolutionConfigurationPlatforms) = preSolution
		Debug|Any CPU = Debug|Any CPU
		Release|Any CPU = Release|Any CPU
	EndGlobalSection
	GlobalSection(ProjectConfigurationPlatforms) = postSolution
		{B93B561F-47FF-444B-A142-0D0E75092398}.Debug|Any CPU.ActiveCfg = Debug|Any CPU
		{B93B561F-47FF-444B-A142-0D0E75092398}.Debug|Any CPU.Build.0 = Debug|Any CPU
		{B93B561F-47FF-444B-A142-0D0E75092398}.Release|Any CPU.ActiveCfg = Release|Any CPU
		{B93B561F-47FF-444B-A142-0D0E75092398}.Release|Any CPU.Build.0 = Release|Any CPU
	EndGlobalSection
	GlobalSection(SolutionProperties) = preSolution
		HideSolutionNode = FALSE
	EndGlobalSection
	GlobalSection(ExtensibilityGlobals) = postSolution
		SolutionGuid = {AA258452-82EC-473F-B2FE-12075095646D}
	EndGlobalSection
EndGlobal
